
Microsoft Visual Studio Solution File, Format Version 12.00
# Visual Studio Version 17
VisualStudioVersion = 17.11.35312.102
MinimumVisualStudioVersion = 10.0.40219.1
Project("{FAE04EC0-301F-11D3-BF4B-00C04F79EFBC}") = "atmipt", "atmipt\atmipt.csproj", "{FDA2C49E-CC91-4A55-B037-725D341967BF}"
EndProject
Global
	GlobalSection(SolutionConfigurationPlatforms) = preSolution
		Debug|Any CPU = Debug|Any CPU
		Release|Any CPU = Release|Any CPU
	EndGlobalSection
	GlobalSection(ProjectConfigurationPlatforms) = postSolution
		{FDA2C49E-CC91-4A55-B037-725D341967BF}.Debug|Any CPU.ActiveCfg = Debug|Any CPU
		{FDA2C49E-CC91-4A55-B037-725D341967BF}.Debug|Any CPU.Build.0 = Debug|Any CPU
		{FDA2C49E-CC91-4A55-B037-725D341967BF}.Release|Any CPU.ActiveCfg = Release|Any CPU
		{FDA2C49E-CC91-4A55-B037-725D341967BF}.Release|Any CPU.Build.0 = Release|Any CPU
	EndGlobalSection
	GlobalSection(SolutionProperties) = preSolution
		HideSolutionNode = FALSE
	EndGlobalSection
	GlobalSection(ExtensibilityGlobals) = postSolution
		SolutionGuid = {6923674D-7793-4C76-B264-B408AAA03077}
	EndGlobalSection
EndGlobal
